
Microsoft Visual Studio Solution File, Format Version 12.00
# Visual Studio Version 16
VisualStudioVersion = 16.0.31402.337
MinimumVisualStudioVersion = 10.0.40219.1
Project("{9A19103F-16F7-4668-BE54-9A1E7A4F7556}") = "BikesBooking", "BikesBooking\BikesBooking.csproj", "{91738E14-5856-4176-857F-1241E8D54D86}"
EndProject
Project("{FAE04EC0-301F-11D3-BF4B-00C04F79EFBC}") = "BikerBooking.Data", "BikerBooking.Data\BikerBooking.Data.csproj", "{45BE946B-EEBD-48E2-8BBC-D93874C9B66C}"
EndProject
Project("{FAE04EC0-301F-11D3-BF4B-00C04F79EFBC}") = "BikesBooking.Services", "BikesBooking.Services\BikesBooking.Services.csproj", "{F475DE34-C63F-4922-8E7B-284C14C76A88}"
EndProject
Global
	GlobalSection(SolutionConfigurationPlatforms) = preSolution
		Debug|Any CPU = Debug|Any CPU
		Release|Any CPU = Release|Any CPU
	EndGlobalSection
	GlobalSection(ProjectConfigurationPlatforms) = postSolution
		{91738E14-5856-4176-857F-1241E8D54D86}.Debug|Any CPU.ActiveCfg = Debug|Any CPU
		{91738E14-5856-4176-857F-1241E8D54D86}.Debug|Any CPU.Build.0 = Debug|Any CPU
		{91738E14-5856-4176-857F-1241E8D54D86}.Release|Any CPU.ActiveCfg = Release|Any CPU
		{91738E14-5856-4176-857F-1241E8D54D86}.Release|Any CPU.Build.0 = Release|Any CPU
		{45BE946B-EEBD-48E2-8BBC-D93874C9B66C}.Debug|Any CPU.ActiveCfg = Debug|Any CPU
		{45BE946B-EEBD-48E2-8BBC-D93874C9B66C}.Debug|Any CPU.Build.0 = Debug|Any CPU
		{45BE946B-EEBD-48E2-8BBC-D93874C9B66C}.Release|Any CPU.ActiveCfg = Release|Any CPU
		{45BE946B-EEBD-48E2-8BBC-D93874C9B66C}.Release|Any CPU.Build.0 = Release|Any CPU
		{F475DE34-C63F-4922-8E7B-284C14C76A88}.Debug|Any CPU.ActiveCfg = Debug|Any CPU
		{F475DE34-C63F-4922-8E7B-284C14C76A88}.Debug|Any CPU.Build.0 = Debug|Any CPU
		{F475DE34-C63F-4922-8E7B-284C14C76A88}.Release|Any CPU.ActiveCfg = Release|Any CPU
		{F475DE34-C63F-4922-8E7B-284C14C76A88}.Release|Any CPU.Build.0 = Release|Any CPU
	EndGlobalSection
	GlobalSection(SolutionProperties) = preSolution
		HideSolutionNode = FALSE
	EndGlobalSection
	GlobalSection(ExtensibilityGlobals) = postSolution
		SolutionGuid = {BDBFEDF5-7483-4D11-B814-BA1734FB2BCC}
	EndGlobalSection
EndGlobal
